
Microsoft Visual Studio Solution File, Format Version 12.00
# Visual Studio 15
VisualStudioVersion = 15.0.27130.2027
MinimumVisualStudioVersion = 10.0.40219.1
Project("{FAE04EC0-301F-11D3-BF4B-00C04F79EFBC}") = "Discord_Bot_1_02", "Discord_Bot_1_02\Discord_Bot_1_02.csproj", "{1A0EE3FD-0132-455E-B313-65EF8B79D2D9}"
EndProject
Global
	GlobalSection(SolutionConfigurationPlatforms) = preSolution
		Debug|Any CPU = Debug|Any CPU
		Release|Any CPU = Release|Any CPU
	EndGlobalSection
	GlobalSection(ProjectConfigurationPlatforms) = postSolution
		{1A0EE3FD-0132-455E-B313-65EF8B79D2D9}.Debug|Any CPU.ActiveCfg = Debug|Any CPU
		{1A0EE3FD-0132-455E-B313-65EF8B79D2D9}.Debug|Any CPU.Build.0 = Debug|Any CPU
		{1A0EE3FD-0132-455E-B313-65EF8B79D2D9}.Release|Any CPU.ActiveCfg = Release|Any CPU
		{1A0EE3FD-0132-455E-B313-65EF8B79D2D9}.Release|Any CPU.Build.0 = Release|Any CPU
	EndGlobalSection
	GlobalSection(SolutionProperties) = preSolution
		HideSolutionNode = FALSE
	EndGlobalSection
	GlobalSection(ExtensibilityGlobals) = postSolution
		SolutionGuid = {F2D7B3DE-4C09-4DEA-BE7C-890CC7505F0A}
	EndGlobalSection
EndGlobal
